
Microsoft Visual Studio Solution File, Format Version 12.00
# Visual Studio 14
VisualStudioVersion = 14.0.24720.0
MinimumVisualStudioVersion = 10.0.40219.1
Project("{2150E333-8FDC-42A3-9474-1A3956D46DE8}") = "0 - Presentation", "0 - Presentation", "{FABF3E28-3B27-41F9-9EF6-3EBA19A8CA43}"
EndProject
Project("{2150E333-8FDC-42A3-9474-1A3956D46DE8}") = "1 - Services", "1 - Services", "{D8C638A8-4063-4BEA-BB17-9F9AA1B3CFED}"
EndProject
Project("{2150E333-8FDC-42A3-9474-1A3956D46DE8}") = "3 - Domain", "3 - Domain", "{1576452C-7350-4906-99A6-1B4234150370}"
EndProject
Project("{2150E333-8FDC-42A3-9474-1A3956D46DE8}") = "2 - Application", "2 - Application", "{B201428C-7D5B-4569-BF33-36FF30FBA779}"
EndProject
Project("{2150E333-8FDC-42A3-9474-1A3956D46DE8}") = "4 - Infra", "4 - Infra", "{7D5F734C-89BC-44EE-B35A-484D3351D716}"
EndProject
Project("{2150E333-8FDC-42A3-9474-1A3956D46DE8}") = "4.1 - Data", "4.1 - Data", "{34DF069E-DB67-4204-85B7-864381F5397B}"
EndProject
Project("{2150E333-8FDC-42A3-9474-1A3956D46DE8}") = "4.2 - CrossCutting", "4.2 - CrossCutting", "{2158A2F4-D429-4394-B393-204319B1B792}"
EndProject
Project("{FAE04EC0-301F-11D3-BF4B-00C04F79EFBC}") = "CT.API", "CT.API\CT.API.csproj", "{84FFA9EE-EE36-4535-BE66-C10DA50A7261}"
EndProject
Project("{FAE04EC0-301F-11D3-BF4B-00C04F79EFBC}") = "CT.Infra.CrossCutting.IoC", "CT.Infra.CrossCutting.IoC\CT.Infra.CrossCutting.IoC.csproj", "{AFAE00E1-A558-4B37-AA89-3CFFC672EAA3}"
EndProject
Project("{FAE04EC0-301F-11D3-BF4B-00C04F79EFBC}") = "CT.Appllication", "CT.Appllication\CT.Appllication.csproj", "{5EDDFB13-468C-4813-87E4-FB5C486B120D}"
EndProject
Project("{FAE04EC0-301F-11D3-BF4B-00C04F79EFBC}") = "CT.Domain", "CT.Domain\CT.Domain.csproj", "{799B9B89-BA77-49C6-BAC3-EB09BBEC496E}"
EndProject
Project("{FAE04EC0-301F-11D3-BF4B-00C04F79EFBC}") = "CT.Infra.Data", "CT.Infra.Data\CT.Infra.Data.csproj", "{85226AF9-FD61-46D3-8377-606F736CFA4E}"
EndProject
Project("{FAE04EC0-301F-11D3-BF4B-00C04F79EFBC}") = "CT.UI", "CT.UI\CT.UI.csproj", "{3BF9D2BA-0D6B-424E-BADF-CFEA9065B1F7}"
EndProject
Project("{FAE04EC0-301F-11D3-BF4B-00C04F79EFBC}") = "CT.Mobile", "CT.Mobile\CT.Mobile.csproj", "{57C2135B-E147-4BE5-BE97-1599BA87138F}"
EndProject
Project("{FAE04EC0-301F-11D3-BF4B-00C04F79EFBC}") = "DLL", "DLL\DLL.csproj", "{1B5FB7BF-499B-4F7A-8501-018BE8672CD2}"
EndProject
Global
	GlobalSection(SolutionConfigurationPlatforms) = preSolution
		Debug|Android = Debug|Android
		Debug|Any CPU = Debug|Any CPU
		Debug|iOS = Debug|iOS
		Debug|Windows Phone (Universal) = Debug|Windows Phone (Universal)
		Debug|Windows Phone 8 = Debug|Windows Phone 8
		Debug|Windows-AnyCPU = Debug|Windows-AnyCPU
		Debug|Windows-ARM = Debug|Windows-ARM
		Debug|Windows-x64 = Debug|Windows-x64
		Debug|Windows-x86 = Debug|Windows-x86
		Release|Android = Release|Android
		Release|Any CPU = Release|Any CPU
		Release|iOS = Release|iOS
		Release|Windows Phone (Universal) = Release|Windows Phone (Universal)
		Release|Windows Phone 8 = Release|Windows Phone 8
		Release|Windows-AnyCPU = Release|Windows-AnyCPU
		Release|Windows-ARM = Release|Windows-ARM
		Release|Windows-x64 = Release|Windows-x64
		Release|Windows-x86 = Release|Windows-x86
	EndGlobalSection
	GlobalSection(ProjectConfigurationPlatforms) = postSolution
		{84FFA9EE-EE36-4535-BE66-C10DA50A7261}.Debug|Android.ActiveCfg = Debug|Any CPU
		{84FFA9EE-EE36-4535-BE66-C10DA50A7261}.Debug|Android.Build.0 = Debug|Any CPU
		{84FFA9EE-EE36-4535-BE66-C10DA50A7261}.Debug|Any CPU.ActiveCfg = Debug|Any CPU
		{84FFA9EE-EE36-4535-BE66-C10DA50A7261}.Debug|Any CPU.Build.0 = Debug|Any CPU
		{84FFA9EE-EE36-4535-BE66-C10DA50A7261}.Debug|iOS.ActiveCfg = Debug|Any CPU
		{84FFA9EE-EE36-4535-BE66-C10DA50A7261}.Debug|iOS.Build.0 = Debug|Any CPU
		{84FFA9EE-EE36-4535-BE66-C10DA50A7261}.Debug|Windows Phone (Universal).ActiveCfg = Debug|Any CPU
		{84FFA9EE-EE36-4535-BE66-C10DA50A7261}.Debug|Windows Phone (Universal).Build.0 = Debug|Any CPU
		{84FFA9EE-EE36-4535-BE66-C10DA50A7261}.Debug|Windows Phone 8.ActiveCfg = Debug|Any CPU
		{84FFA9EE-EE36-4535-BE66-C10DA50A7261}.Debug|Windows Phone 8.Build.0 = Debug|Any CPU
		{84FFA9EE-EE36-4535-BE66-C10DA50A7261}.Debug|Windows-AnyCPU.ActiveCfg = Debug|Any CPU
		{84FFA9EE-EE36-4535-BE66-C10DA50A7261}.Debug|Windows-AnyCPU.Build.0 = Debug|Any CPU
		{84FFA9EE-EE36-4535-BE66-C10DA50A7261}.Debug|Windows-ARM.ActiveCfg = Debug|Any CPU
		{84FFA9EE-EE36-4535-BE66-C10DA50A7261}.Debug|Windows-ARM.Build.0 = Debug|Any CPU
		{84FFA9EE-EE36-4535-BE66-C10DA50A7261}.Debug|Windows-x64.ActiveCfg = Debug|Any CPU
		{84FFA9EE-EE36-4535-BE66-C10DA50A7261}.Debug|Windows-x64.Build.0 = Debug|Any CPU
		{84FFA9EE-EE36-4535-BE66-C10DA50A7261}.Debug|Windows-x86.ActiveCfg = Debug|Any CPU
		{84FFA9EE-EE36-4535-BE66-C10DA50A7261}.Debug|Windows-x86.Build.0 = Debug|Any CPU
		{84FFA9EE-EE36-4535-BE66-C10DA50A7261}.Release|Android.ActiveCfg = Release|Any CPU
		{84FFA9EE-EE36-4535-BE66-C10DA50A7261}.Release|Android.Build.0 = Release|Any CPU
		{84FFA9EE-EE36-4535-BE66-C10DA50A7261}.Release|Any CPU.ActiveCfg = Release|Any CPU
		{84FFA9EE-EE36-4535-BE66-C10DA50A7261}.Release|Any CPU.Build.0 = Release|Any CPU
		{84FFA9EE-EE36-4535-BE66-C10DA50A7261}.Release|iOS.ActiveCfg = Release|Any CPU
		{84FFA9EE-EE36-4535-BE66-C10DA50A7261}.Release|iOS.Build.0 = Release|Any CPU
		{84FFA9EE-EE36-4535-BE66-C10DA50A7261}.Release|Windows Phone (Universal).ActiveCfg = Release|Any CPU
		{84FFA9EE-EE36-4535-BE66-C10DA50A7261}.Release|Windows Phone (Universal).Build.0 = Release|Any CPU
		{84FFA9EE-EE36-4535-BE66-C10DA50A7261}.Release|Windows Phone 8.ActiveCfg = Release|Any CPU
		{84FFA9EE-EE36-4535-BE66-C10DA50A7261}.Release|Windows Phone 8.Build.0 = Release|Any CPU
		{84FFA9EE-EE36-4535-BE66-C10DA50A7261}.Release|Windows-AnyCPU.ActiveCfg = Release|Any CPU
		{84FFA9EE-EE36-4535-BE66-C10DA50A7261}.Release|Windows-AnyCPU.Build.0 = Release|Any CPU
		{84FFA9EE-EE36-4535-BE66-C10DA50A7261}.Release|Windows-ARM.ActiveCfg = Release|Any CPU
		{84FFA9EE-EE36-4535-BE66-C10DA50A7261}.Release|Windows-ARM.Build.0 = Release|Any CPU
		{84FFA9EE-EE36-4535-BE66-C10DA50A7261}.Release|Windows-x64.ActiveCfg = Release|Any CPU
		{84FFA9EE-EE36-4535-BE66-C10DA50A7261}.Release|Windows-x64.Build.0 = Release|Any CPU
		{84FFA9EE-EE36-4535-BE66-C10DA50A7261}.Release|Windows-x86.ActiveCfg = Release|Any CPU
		{84FFA9EE-EE36-4535-BE66-C10DA50A7261}.Release|Windows-x86.Build.0 = Release|Any CPU
		{AFAE00E1-A558-4B37-AA89-3CFFC672EAA3}.Debug|Android.ActiveCfg = Debug|Any CPU
		{AFAE00E1-A558-4B37-AA89-3CFFC672EAA3}.Debug|Android.Build.0 = Debug|Any CPU
		{AFAE00E1-A558-4B37-AA89-3CFFC672EAA3}.Debug|Any CPU.ActiveCfg = Debug|Any CPU
		{AFAE00E1-A558-4B37-AA89-3CFFC672EAA3}.Debug|Any CPU.Build.0 = Debug|Any CPU
		{AFAE00E1-A558-4B37-AA89-3CFFC672EAA3}.Debug|iOS.ActiveCfg = Debug|Any CPU
		{AFAE00E1-A558-4B37-AA89-3CFFC672EAA3}.Debug|iOS.Build.0 = Debug|Any CPU
		{AFAE00E1-A558-4B37-AA89-3CFFC672EAA3}.Debug|Windows Phone (Universal).ActiveCfg = Debug|Any CPU
		{AFAE00E1-A558-4B37-AA89-3CFFC672EAA3}.Debug|Windows Phone (Universal).Build.0 = Debug|Any CPU
		{AFAE00E1-A558-4B37-AA89-3CFFC672EAA3}.Debug|Windows Phone 8.ActiveCfg = Debug|Any CPU
		{AFAE00E1-A558-4B37-AA89-3CFFC672EAA3}.Debug|Windows Phone 8.Build.0 = Debug|Any CPU
		{AFAE00E1-A558-4B37-AA89-3CFFC672EAA3}.Debug|Windows-AnyCPU.ActiveCfg = Debug|Any CPU
		{AFAE00E1-A558-4B37-AA89-3CFFC672EAA3}.Debug|Windows-AnyCPU.Build.0 = Debug|Any CPU
		{AFAE00E1-A558-4B37-AA89-3CFFC672EAA3}.Debug|Windows-ARM.ActiveCfg = Debug|Any CPU
		{AFAE00E1-A558-4B37-AA89-3CFFC672EAA3}.Debug|Windows-ARM.Build.0 = Debug|Any CPU
		{AFAE00E1-A558-4B37-AA89-3CFFC672EAA3}.Debug|Windows-x64.ActiveCfg = Debug|Any CPU
		{AFAE00E1-A558-4B37-AA89-3CFFC672EAA3}.Debug|Windows-x64.Build.0 = Debug|Any CPU
		{AFAE00E1-A558-4B37-AA89-3CFFC672EAA3}.Debug|Windows-x86.ActiveCfg = Debug|Any CPU
		{AFAE00E1-A558-4B37-AA89-3CFFC672EAA3}.Debug|Windows-x86.Build.0 = Debug|Any CPU
		{AFAE00E1-A558-4B37-AA89-3CFFC672EAA3}.Release|Android.ActiveCfg = Release|Any CPU
		{AFAE00E1-A558-4B37-AA89-3CFFC672EAA3}.Release|Android.Build.0 = Release|Any CPU
		{AFAE00E1-A558-4B37-AA89-3CFFC672EAA3}.Release|Any CPU.ActiveCfg = Release|Any CPU
		{AFAE00E1-A558-4B37-AA89-3CFFC672EAA3}.Release|Any CPU.Build.0 = Release|Any CPU
		{AFAE00E1-A558-4B37-AA89-3CFFC672EAA3}.Release|iOS.ActiveCfg = Release|Any CPU
		{AFAE00E1-A558-4B37-AA89-3CFFC672EAA3}.Release|iOS.Build.0 = Release|Any CPU
		{AFAE00E1-A558-4B37-AA89-3CFFC672EAA3}.Release|Windows Phone (Universal).ActiveCfg = Release|Any CPU
		{AFAE00E1-A558-4B37-AA89-3CFFC672EAA3}.Release|Windows Phone (Universal).Build.0 = Release|Any CPU
		{AFAE00E1-A558-4B37-AA89-3CFFC672EAA3}.Release|Windows Phone 8.ActiveCfg = Release|Any CPU
		{AFAE00E1-A558-4B37-AA89-3CFFC672EAA3}.Release|Windows Phone 8.Build.0 = Release|Any CPU
		{AFAE00E1-A558-4B37-AA89-3CFFC672EAA3}.Release|Windows-AnyCPU.ActiveCfg = Release|Any CPU
		{AFAE00E1-A558-4B37-AA89-3CFFC672EAA3}.Release|Windows-AnyCPU.Build.0 = Release|Any CPU
		{AFAE00E1-A558-4B37-AA89-3CFFC672EAA3}.Release|Windows-ARM.ActiveCfg = Release|Any CPU
		{AFAE00E1-A558-4B37-AA89-3CFFC672EAA3}.Release|Windows-ARM.Build.0 = Release|Any CPU
		{AFAE00E1-A558-4B37-AA89-3CFFC672EAA3}.Release|Windows-x64.ActiveCfg = Release|Any CPU
		{AFAE00E1-A558-4B37-AA89-3CFFC672EAA3}.Release|Windows-x64.Build.0 = Release|Any CPU
		{AFAE00E1-A558-4B37-AA89-3CFFC672EAA3}.Release|Windows-x86.ActiveCfg = Release|Any CPU
		{AFAE00E1-A558-4B37-AA89-3CFFC672EAA3}.Release|Windows-x86.Build.0 = Release|Any CPU
		{5EDDFB13-468C-4813-87E4-FB5C486B120D}.Debug|Android.ActiveCfg = Debug|Any CPU
		{5EDDFB13-468C-4813-87E4-FB5C486B120D}.Debug|Android.Build.0 = Debug|Any CPU
		{5EDDFB13-468C-4813-87E4-FB5C486B120D}.Debug|Any CPU.ActiveCfg = Debug|Any CPU
		{5EDDFB13-468C-4813-87E4-FB5C486B120D}.Debug|Any CPU.Build.0 = Debug|Any CPU
		{5EDDFB13-468C-4813-87E4-FB5C486B120D}.Debug|iOS.ActiveCfg = Debug|Any CPU
		{5EDDFB13-468C-4813-87E4-FB5C486B120D}.Debug|iOS.Build.0 = Debug|Any CPU
		{5EDDFB13-468C-4813-87E4-FB5C486B120D}.Debug|Windows Phone (Universal).ActiveCfg = Debug|Any CPU
		{5EDDFB13-468C-4813-87E4-FB5C486B120D}.Debug|Windows Phone (Universal).Build.0 = Debug|Any CPU
		{5EDDFB13-468C-4813-87E4-FB5C486B120D}.Debug|Windows Phone 8.ActiveCfg = Debug|Any CPU
		{5EDDFB13-468C-4813-87E4-FB5C486B120D}.Debug|Windows Phone 8.Build.0 = Debug|Any CPU
		{5EDDFB13-468C-4813-87E4-FB5C486B120D}.Debug|Windows-AnyCPU.ActiveCfg = Debug|Any CPU
		{5EDDFB13-468C-4813-87E4-FB5C486B120D}.Debug|Windows-AnyCPU.Build.0 = Debug|Any CPU
		{5EDDFB13-468C-4813-87E4-FB5C486B120D}.Debug|Windows-ARM.ActiveCfg = Debug|Any CPU
		{5EDDFB13-468C-4813-87E4-FB5C486B120D}.Debug|Windows-ARM.Build.0 = Debug|Any CPU
		{5EDDFB13-468C-4813-87E4-FB5C486B120D}.Debug|Windows-x64.ActiveCfg = Debug|Any CPU
		{5EDDFB13-468C-4813-87E4-FB5C486B120D}.Debug|Windows-x64.Build.0 = Debug|Any CPU
		{5EDDFB13-468C-4813-87E4-FB5C486B120D}.Debug|Windows-x86.ActiveCfg = Debug|Any CPU
		{5EDDFB13-468C-4813-87E4-FB5C486B120D}.Debug|Windows-x86.Build.0 = Debug|Any CPU
		{5EDDFB13-468C-4813-87E4-FB5C486B120D}.Release|Android.ActiveCfg = Release|Any CPU
		{5EDDFB13-468C-4813-87E4-FB5C486B120D}.Release|Android.Build.0 = Release|Any CPU
		{5EDDFB13-468C-4813-87E4-FB5C486B120D}.Release|Any CPU.ActiveCfg = Release|Any CPU
		{5EDDFB13-468C-4813-87E4-FB5C486B120D}.Release|Any CPU.Build.0 = Release|Any CPU
		{5EDDFB13-468C-4813-87E4-FB5C486B120D}.Release|iOS.ActiveCfg = Release|Any CPU
		{5EDDFB13-468C-4813-87E4-FB5C486B120D}.Release|iOS.Build.0 = Release|Any CPU
		{5EDDFB13-468C-4813-87E4-FB5C486B120D}.Release|Windows Phone (Universal).ActiveCfg = Release|Any CPU
		{5EDDFB13-468C-4813-87E4-FB5C486B120D}.Release|Windows Phone (Universal).Build.0 = Release|Any CPU
		{5EDDFB13-468C-4813-87E4-FB5C486B120D}.Release|Windows Phone 8.ActiveCfg = Release|Any CPU
		{5EDDFB13-468C-4813-87E4-FB5C486B120D}.Release|Windows Phone 8.Build.0 = Release|Any CPU
		{5EDDFB13-468C-4813-87E4-FB5C486B120D}.Release|Windows-AnyCPU.ActiveCfg = Release|Any CPU
		{5EDDFB13-468C-4813-87E4-FB5C486B120D}.Release|Windows-AnyCPU.Build.0 = Release|Any CPU
		{5EDDFB13-468C-4813-87E4-FB5C486B120D}.Release|Windows-ARM.ActiveCfg = Release|Any CPU
		{5EDDFB13-468C-4813-87E4-FB5C486B120D}.Release|Windows-ARM.Build.0 = Release|Any CPU
		{5EDDFB13-468C-4813-87E4-FB5C486B120D}.Release|Windows-x64.ActiveCfg = Release|Any CPU
		{5EDDFB13-468C-4813-87E4-FB5C486B120D}.Release|Windows-x64.Build.0 = Release|Any CPU
		{5EDDFB13-468C-4813-87E4-FB5C486B120D}.Release|Windows-x86.ActiveCfg = Release|Any CPU
		{5EDDFB13-468C-4813-87E4-FB5C486B120D}.Release|Windows-x86.Build.0 = Release|Any CPU
		{799B9B89-BA77-49C6-BAC3-EB09BBEC496E}.Debug|Android.ActiveCfg = Debug|Any CPU
		{799B9B89-BA77-49C6-BAC3-EB09BBEC496E}.Debug|Android.Build.0 = Debug|Any CPU
		{799B9B89-BA77-49C6-BAC3-EB09BBEC496E}.Debug|Any CPU.ActiveCfg = Debug|Any CPU
		{799B9B89-BA77-49C6-BAC3-EB09BBEC496E}.Debug|Any CPU.Build.0 = Debug|Any CPU
		{799B9B89-BA77-49C6-BAC3-EB09BBEC496E}.Debug|iOS.ActiveCfg = Debug|Any CPU
		{799B9B89-BA77-49C6-BAC3-EB09BBEC496E}.Debug|iOS.Build.0 = Debug|Any CPU
		{799B9B89-BA77-49C6-BAC3-EB09BBEC496E}.Debug|Windows Phone (Universal).ActiveCfg = Debug|Any CPU
		{799B9B89-BA77-49C6-BAC3-EB09BBEC496E}.Debug|Windows Phone (Universal).Build.0 = Debug|Any CPU
		{799B9B89-BA77-49C6-BAC3-EB09BBEC496E}.Debug|Windows Phone 8.ActiveCfg = Debug|Any CPU
		{799B9B89-BA77-49C6-BAC3-EB09BBEC496E}.Debug|Windows Phone 8.Build.0 = Debug|Any CPU
		{799B9B89-BA77-49C6-BAC3-EB09BBEC496E}.Debug|Windows-AnyCPU.ActiveCfg = Debug|Any CPU
		{799B9B89-BA77-49C6-BAC3-EB09BBEC496E}.Debug|Windows-AnyCPU.Build.0 = Debug|Any CPU
		{799B9B89-BA77-49C6-BAC3-EB09BBEC496E}.Debug|Windows-ARM.ActiveCfg = Debug|Any CPU
		{799B9B89-BA77-49C6-BAC3-EB09BBEC496E}.Debug|Windows-ARM.Build.0 = Debug|Any CPU
		{799B9B89-BA77-49C6-BAC3-EB09BBEC496E}.Debug|Windows-x64.ActiveCfg = Debug|Any CPU
		{799B9B89-BA77-49C6-BAC3-EB09BBEC496E}.Debug|Windows-x64.Build.0 = Debug|Any CPU
		{799B9B89-BA77-49C6-BAC3-EB09BBEC496E}.Debug|Windows-x86.ActiveCfg = Debug|Any CPU
		{799B9B89-BA77-49C6-BAC3-EB09BBEC496E}.Debug|Windows-x86.Build.0 = Debug|Any CPU
		{799B9B89-BA77-49C6-BAC3-EB09BBEC496E}.Release|Android.ActiveCfg = Release|Any CPU
		{799B9B89-BA77-49C6-BAC3-EB09BBEC496E}.Release|Android.Build.0 = Release|Any CPU
		{799B9B89-BA77-49C6-BAC3-EB09BBEC496E}.Release|Any CPU.ActiveCfg = Release|Any CPU
		{799B9B89-BA77-49C6-BAC3-EB09BBEC496E}.Release|Any CPU.Build.0 = Release|Any CPU
		{799B9B89-BA77-49C6-BAC3-EB09BBEC496E}.Release|iOS.ActiveCfg = Release|Any CPU
		{799B9B89-BA77-49C6-BAC3-EB09BBEC496E}.Release|iOS.Build.0 = Release|Any CPU
		{799B9B89-BA77-49C6-BAC3-EB09BBEC496E}.Release|Windows Phone (Universal).ActiveCfg = Release|Any CPU
		{799B9B89-BA77-49C6-BAC3-EB09BBEC496E}.Release|Windows Phone (Universal).Build.0 = Release|Any CPU
		{799B9B89-BA77-49C6-BAC3-EB09BBEC496E}.Release|Windows Phone 8.ActiveCfg = Release|Any CPU
		{799B9B89-BA77-49C6-BAC3-EB09BBEC496E}.Release|Windows Phone 8.Build.0 = Release|Any CPU
		{799B9B89-BA77-49C6-BAC3-EB09BBEC496E}.Release|Windows-AnyCPU.ActiveCfg = Release|Any CPU
		{799B9B89-BA77-49C6-BAC3-EB09BBEC496E}.Release|Windows-AnyCPU.Build.0 = Release|Any CPU
		{799B9B89-BA77-49C6-BAC3-EB09BBEC496E}.Release|Windows-ARM.ActiveCfg = Release|Any CPU
		{799B9B89-BA77-49C6-BAC3-EB09BBEC496E}.Release|Windows-ARM.Build.0 = Release|Any CPU
		{799B9B89-BA77-49C6-BAC3-EB09BBEC496E}.Release|Windows-x64.ActiveCfg = Release|Any CPU
		{799B9B89-BA77-49C6-BAC3-EB09BBEC496E}.Release|Windows-x64.Build.0 = Release|Any CPU
		{799B9B89-BA77-49C6-BAC3-EB09BBEC496E}.Release|Windows-x86.ActiveCfg = Release|Any CPU
		{799B9B89-BA77-49C6-BAC3-EB09BBEC496E}.Release|Windows-x86.Build.0 = Release|Any CPU
		{85226AF9-FD61-46D3-8377-606F736CFA4E}.Debug|Android.ActiveCfg = Debug|Any CPU
		{85226AF9-FD61-46D3-8377-606F736CFA4E}.Debug|Android.Build.0 = Debug|Any CPU
		{85226AF9-FD61-46D3-8377-606F736CFA4E}.Debug|Any CPU.ActiveCfg = Debug|Any CPU
		{85226AF9-FD61-46D3-8377-606F736CFA4E}.Debug|Any CPU.Build.0 = Debug|Any CPU
		{85226AF9-FD61-46D3-8377-606F736CFA4E}.Debug|iOS.ActiveCfg = Debug|Any CPU
		{85226AF9-FD61-46D3-8377-606F736CFA4E}.Debug|iOS.Build.0 = Debug|Any CPU
		{85226AF9-FD61-46D3-8377-606F736CFA4E}.Debug|Windows Phone (Universal).ActiveCfg = Debug|Any CPU
		{85226AF9-FD61-46D3-8377-606F736CFA4E}.Debug|Windows Phone (Universal).Build.0 = Debug|Any CPU
		{85226AF9-FD61-46D3-8377-606F736CFA4E}.Debug|Windows Phone 8.ActiveCfg = Debug|Any CPU
		{85226AF9-FD61-46D3-8377-606F736CFA4E}.Debug|Windows Phone 8.Build.0 = Debug|Any CPU
		{85226AF9-FD61-46D3-8377-606F736CFA4E}.Debug|Windows-AnyCPU.ActiveCfg = Debug|Any CPU
		{85226AF9-FD61-46D3-8377-606F736CFA4E}.Debug|Windows-AnyCPU.Build.0 = Debug|Any CPU
		{85226AF9-FD61-46D3-8377-606F736CFA4E}.Debug|Windows-ARM.ActiveCfg = Debug|Any CPU
		{85226AF9-FD61-46D3-8377-606F736CFA4E}.Debug|Windows-ARM.Build.0 = Debug|Any CPU
		{85226AF9-FD61-46D3-8377-606F736CFA4E}.Debug|Windows-x64.ActiveCfg = Debug|Any CPU
		{85226AF9-FD61-46D3-8377-606F736CFA4E}.Debug|Windows-x64.Build.0 = Debug|Any CPU
		{85226AF9-FD61-46D3-8377-606F736CFA4E}.Debug|Windows-x86.ActiveCfg = Debug|Any CPU
		{85226AF9-FD61-46D3-8377-606F736CFA4E}.Debug|Windows-x86.Build.0 = Debug|Any CPU
		{85226AF9-FD61-46D3-8377-606F736CFA4E}.Release|Android.ActiveCfg = Release|Any CPU
		{85226AF9-FD61-46D3-8377-606F736CFA4E}.Release|Android.Build.0 = Release|Any CPU
		{85226AF9-FD61-46D3-8377-606F736CFA4E}.Release|Any CPU.ActiveCfg = Release|Any CPU
		{85226AF9-FD61-46D3-8377-606F736CFA4E}.Release|Any CPU.Build.0 = Release|Any CPU
		{85226AF9-FD61-46D3-8377-606F736CFA4E}.Release|iOS.ActiveCfg = Release|Any CPU
		{85226AF9-FD61-46D3-8377-606F736CFA4E}.Release|iOS.Build.0 = Release|Any CPU
		{85226AF9-FD61-46D3-8377-606F736CFA4E}.Release|Windows Phone (Universal).ActiveCfg = Release|Any CPU
		{85226AF9-FD61-46D3-8377-606F736CFA4E}.Release|Windows Phone (Universal).Build.0 = Release|Any CPU
		{85226AF9-FD61-46D3-8377-606F736CFA4E}.Release|Windows Phone 8.ActiveCfg = Release|Any CPU
		{85226AF9-FD61-46D3-8377-606F736CFA4E}.Release|Windows Phone 8.Build.0 = Release|Any CPU
		{85226AF9-FD61-46D3-8377-606F736CFA4E}.Release|Windows-AnyCPU.ActiveCfg = Release|Any CPU
		{85226AF9-FD61-46D3-8377-606F736CFA4E}.Release|Windows-AnyCPU.Build.0 = Release|Any CPU
		{85226AF9-FD61-46D3-8377-606F736CFA4E}.Release|Windows-ARM.ActiveCfg = Release|Any CPU
		{85226AF9-FD61-46D3-8377-606F736CFA4E}.Release|Windows-ARM.Build.0 = Release|Any CPU
		{85226AF9-FD61-46D3-8377-606F736CFA4E}.Release|Windows-x64.ActiveCfg = Release|Any CPU
		{85226AF9-FD61-46D3-8377-606F736CFA4E}.Release|Windows-x64.Build.0 = Release|Any CPU
		{85226AF9-FD61-46D3-8377-606F736CFA4E}.Release|Windows-x86.ActiveCfg = Release|Any CPU
		{85226AF9-FD61-46D3-8377-606F736CFA4E}.Release|Windows-x86.Build.0 = Release|Any CPU
		{3BF9D2BA-0D6B-424E-BADF-CFEA9065B1F7}.Debug|Android.ActiveCfg = Debug|Any CPU
		{3BF9D2BA-0D6B-424E-BADF-CFEA9065B1F7}.Debug|Android.Build.0 = Debug|Any CPU
		{3BF9D2BA-0D6B-424E-BADF-CFEA9065B1F7}.Debug|Any CPU.ActiveCfg = Debug|Any CPU
		{3BF9D2BA-0D6B-424E-BADF-CFEA9065B1F7}.Debug|Any CPU.Build.0 = Debug|Any CPU
		{3BF9D2BA-0D6B-424E-BADF-CFEA9065B1F7}.Debug|iOS.ActiveCfg = Debug|Any CPU
		{3BF9D2BA-0D6B-424E-BADF-CFEA9065B1F7}.Debug|iOS.Build.0 = Debug|Any CPU
		{3BF9D2BA-0D6B-424E-BADF-CFEA9065B1F7}.Debug|Windows Phone (Universal).ActiveCfg = Debug|Any CPU
		{3BF9D2BA-0D6B-424E-BADF-CFEA9065B1F7}.Debug|Windows Phone (Universal).Build.0 = Debug|Any CPU
		{3BF9D2BA-0D6B-424E-BADF-CFEA9065B1F7}.Debug|Windows Phone 8.ActiveCfg = Debug|Any CPU
		{3BF9D2BA-0D6B-424E-BADF-CFEA9065B1F7}.Debug|Windows Phone 8.Build.0 = Debug|Any CPU
		{3BF9D2BA-0D6B-424E-BADF-CFEA9065B1F7}.Debug|Windows-AnyCPU.ActiveCfg = Debug|Any CPU
		{3BF9D2BA-0D6B-424E-BADF-CFEA9065B1F7}.Debug|Windows-AnyCPU.Build.0 = Debug|Any CPU
		{3BF9D2BA-0D6B-424E-BADF-CFEA9065B1F7}.Debug|Windows-ARM.ActiveCfg = Debug|Any CPU
		{3BF9D2BA-0D6B-424E-BADF-CFEA9065B1F7}.Debug|Windows-ARM.Build.0 = Debug|Any CPU
		{3BF9D2BA-0D6B-424E-BADF-CFEA9065B1F7}.Debug|Windows-x64.ActiveCfg = Debug|Any CPU
		{3BF9D2BA-0D6B-424E-BADF-CFEA9065B1F7}.Debug|Windows-x64.Build.0 = Debug|Any CPU
		{3BF9D2BA-0D6B-424E-BADF-CFEA9065B1F7}.Debug|Windows-x86.ActiveCfg = Debug|Any CPU
		{3BF9D2BA-0D6B-424E-BADF-CFEA9065B1F7}.Debug|Windows-x86.Build.0 = Debug|Any CPU
		{3BF9D2BA-0D6B-424E-BADF-CFEA9065B1F7}.Release|Android.ActiveCfg = Release|Any CPU
		{3BF9D2BA-0D6B-424E-BADF-CFEA9065B1F7}.Release|Android.Build.0 = Release|Any CPU
		{3BF9D2BA-0D6B-424E-BADF-CFEA9065B1F7}.Release|Any CPU.ActiveCfg = Release|Any CPU
		{3BF9D2BA-0D6B-424E-BADF-CFEA9065B1F7}.Release|Any CPU.Build.0 = Release|Any CPU
		{3BF9D2BA-0D6B-424E-BADF-CFEA9065B1F7}.Release|iOS.ActiveCfg = Release|Any CPU
		{3BF9D2BA-0D6B-424E-BADF-CFEA9065B1F7}.Release|iOS.Build.0 = Release|Any CPU
		{3BF9D2BA-0D6B-424E-BADF-CFEA9065B1F7}.Release|Windows Phone (Universal).ActiveCfg = Release|Any CPU
		{3BF9D2BA-0D6B-424E-BADF-CFEA9065B1F7}.Release|Windows Phone (Universal).Build.0 = Release|Any CPU
		{3BF9D2BA-0D6B-424E-BADF-CFEA9065B1F7}.Release|Windows Phone 8.ActiveCfg = Release|Any CPU
		{3BF9D2BA-0D6B-424E-BADF-CFEA9065B1F7}.Release|Windows Phone 8.Build.0 = Release|Any CPU
		{3BF9D2BA-0D6B-424E-BADF-CFEA9065B1F7}.Release|Windows-AnyCPU.ActiveCfg = Release|Any CPU
		{3BF9D2BA-0D6B-424E-BADF-CFEA9065B1F7}.Release|Windows-AnyCPU.Build.0 = Release|Any CPU
		{3BF9D2BA-0D6B-424E-BADF-CFEA9065B1F7}.Release|Windows-ARM.ActiveCfg = Release|Any CPU
		{3BF9D2BA-0D6B-424E-BADF-CFEA9065B1F7}.Release|Windows-ARM.Build.0 = Release|Any CPU
		{3BF9D2BA-0D6B-424E-BADF-CFEA9065B1F7}.Release|Windows-x64.ActiveCfg = Release|Any CPU
		{3BF9D2BA-0D6B-424E-BADF-CFEA9065B1F7}.Release|Windows-x64.Build.0 = Release|Any CPU
		{3BF9D2BA-0D6B-424E-BADF-CFEA9065B1F7}.Release|Windows-x86.ActiveCfg = Release|Any CPU
		{3BF9D2BA-0D6B-424E-BADF-CFEA9065B1F7}.Release|Windows-x86.Build.0 = Release|Any CPU
		{57C2135B-E147-4BE5-BE97-1599BA87138F}.Debug|Android.ActiveCfg = Debug|Any CPU
		{57C2135B-E147-4BE5-BE97-1599BA87138F}.Debug|Android.Build.0 = Debug|Any CPU
		{57C2135B-E147-4BE5-BE97-1599BA87138F}.Debug|Any CPU.ActiveCfg = Debug|Any CPU
		{57C2135B-E147-4BE5-BE97-1599BA87138F}.Debug|Any CPU.Build.0 = Debug|Any CPU
		{57C2135B-E147-4BE5-BE97-1599BA87138F}.Debug|iOS.ActiveCfg = Debug|Any CPU
		{57C2135B-E147-4BE5-BE97-1599BA87138F}.Debug|iOS.Build.0 = Debug|Any CPU
		{57C2135B-E147-4BE5-BE97-1599BA87138F}.Debug|Windows Phone (Universal).ActiveCfg = Debug|Any CPU
		{57C2135B-E147-4BE5-BE97-1599BA87138F}.Debug|Windows Phone (Universal).Build.0 = Debug|Any CPU
		{57C2135B-E147-4BE5-BE97-1599BA87138F}.Debug|Windows Phone 8.ActiveCfg = Debug|Any CPU
		{57C2135B-E147-4BE5-BE97-1599BA87138F}.Debug|Windows Phone 8.Build.0 = Debug|Any CPU
		{57C2135B-E147-4BE5-BE97-1599BA87138F}.Debug|Windows-AnyCPU.ActiveCfg = Debug|Any CPU
		{57C2135B-E147-4BE5-BE97-1599BA87138F}.Debug|Windows-AnyCPU.Build.0 = Debug|Any CPU
		{57C2135B-E147-4BE5-BE97-1599BA87138F}.Debug|Windows-ARM.ActiveCfg = Debug|Any CPU
		{57C2135B-E147-4BE5-BE97-1599BA87138F}.Debug|Windows-ARM.Build.0 = Debug|Any CPU
		{57C2135B-E147-4BE5-BE97-1599BA87138F}.Debug|Windows-x64.ActiveCfg = Debug|Any CPU
		{57C2135B-E147-4BE5-BE97-1599BA87138F}.Debug|Windows-x64.Build.0 = Debug|Any CPU
		{57C2135B-E147-4BE5-BE97-1599BA87138F}.Debug|Windows-x86.ActiveCfg = Debug|Any CPU
		{57C2135B-E147-4BE5-BE97-1599BA87138F}.Debug|Windows-x86.Build.0 = Debug|Any CPU
		{57C2135B-E147-4BE5-BE97-1599BA87138F}.Release|Android.ActiveCfg = Release|Any CPU
		{57C2135B-E147-4BE5-BE97-1599BA87138F}.Release|Android.Build.0 = Release|Any CPU
		{57C2135B-E147-4BE5-BE97-1599BA87138F}.Release|Any CPU.ActiveCfg = Release|Any CPU
		{57C2135B-E147-4BE5-BE97-1599BA87138F}.Release|Any CPU.Build.0 = Release|Any CPU
		{57C2135B-E147-4BE5-BE97-1599BA87138F}.Release|iOS.ActiveCfg = Release|Any CPU
		{57C2135B-E147-4BE5-BE97-1599BA87138F}.Release|iOS.Build.0 = Release|Any CPU
		{57C2135B-E147-4BE5-BE97-1599BA87138F}.Release|Windows Phone (Universal).ActiveCfg = Release|Any CPU
		{57C2135B-E147-4BE5-BE97-1599BA87138F}.Release|Windows Phone (Universal).Build.0 = Release|Any CPU
		{57C2135B-E147-4BE5-BE97-1599BA87138F}.Release|Windows Phone 8.ActiveCfg = Release|Any CPU
		{57C2135B-E147-4BE5-BE97-1599BA87138F}.Release|Windows Phone 8.Build.0 = Release|Any CPU
		{57C2135B-E147-4BE5-BE97-1599BA87138F}.Release|Windows-AnyCPU.ActiveCfg = Release|Any CPU
		{57C2135B-E147-4BE5-BE97-1599BA87138F}.Release|Windows-AnyCPU.Build.0 = Release|Any CPU
		{57C2135B-E147-4BE5-BE97-1599BA87138F}.Release|Windows-ARM.ActiveCfg = Release|Any CPU
		{57C2135B-E147-4BE5-BE97-1599BA87138F}.Release|Windows-ARM.Build.0 = Release|Any CPU
		{57C2135B-E147-4BE5-BE97-1599BA87138F}.Release|Windows-x64.ActiveCfg = Release|Any CPU
		{57C2135B-E147-4BE5-BE97-1599BA87138F}.Release|Windows-x64.Build.0 = Release|Any CPU
		{57C2135B-E147-4BE5-BE97-1599BA87138F}.Release|Windows-x86.ActiveCfg = Release|Any CPU
		{57C2135B-E147-4BE5-BE97-1599BA87138F}.Release|Windows-x86.Build.0 = Release|Any CPU
		{1B5FB7BF-499B-4F7A-8501-018BE8672CD2}.Debug|Android.ActiveCfg = Debug|Any CPU
		{1B5FB7BF-499B-4F7A-8501-018BE8672CD2}.Debug|Android.Build.0 = Debug|Any CPU
		{1B5FB7BF-499B-4F7A-8501-018BE8672CD2}.Debug|Any CPU.ActiveCfg = Debug|Any CPU
		{1B5FB7BF-499B-4F7A-8501-018BE8672CD2}.Debug|Any CPU.Build.0 = Debug|Any CPU
		{1B5FB7BF-499B-4F7A-8501-018BE8672CD2}.Debug|iOS.ActiveCfg = Debug|Any CPU
		{1B5FB7BF-499B-4F7A-8501-018BE8672CD2}.Debug|iOS.Build.0 = Debug|Any CPU
		{1B5FB7BF-499B-4F7A-8501-018BE8672CD2}.Debug|Windows Phone (Universal).ActiveCfg = Debug|Any CPU
		{1B5FB7BF-499B-4F7A-8501-018BE8672CD2}.Debug|Windows Phone (Universal).Build.0 = Debug|Any CPU
		{1B5FB7BF-499B-4F7A-8501-018BE8672CD2}.Debug|Windows Phone 8.ActiveCfg = Debug|Any CPU
		{1B5FB7BF-499B-4F7A-8501-018BE8672CD2}.Debug|Windows Phone 8.Build.0 = Debug|Any CPU
		{1B5FB7BF-499B-4F7A-8501-018BE8672CD2}.Debug|Windows-AnyCPU.ActiveCfg = Debug|Any CPU
		{1B5FB7BF-499B-4F7A-8501-018BE8672CD2}.Debug|Windows-AnyCPU.Build.0 = Debug|Any CPU
		{1B5FB7BF-499B-4F7A-8501-018BE8672CD2}.Debug|Windows-ARM.ActiveCfg = Debug|Any CPU
		{1B5FB7BF-499B-4F7A-8501-018BE8672CD2}.Debug|Windows-ARM.Build.0 = Debug|Any CPU
		{1B5FB7BF-499B-4F7A-8501-018BE8672CD2}.Debug|Windows-x64.ActiveCfg = Debug|Any CPU
		{1B5FB7BF-499B-4F7A-8501-018BE8672CD2}.Debug|Windows-x64.Build.0 = Debug|Any CPU
		{1B5FB7BF-499B-4F7A-8501-018BE8672CD2}.Debug|Windows-x86.ActiveCfg = Debug|Any CPU
		{1B5FB7BF-499B-4F7A-8501-018BE8672CD2}.Debug|Windows-x86.Build.0 = Debug|Any CPU
		{1B5FB7BF-499B-4F7A-8501-018BE8672CD2}.Release|Android.ActiveCfg = Release|Any CPU
		{1B5FB7BF-499B-4F7A-8501-018BE8672CD2}.Release|Android.Build.0 = Release|Any CPU
		{1B5FB7BF-499B-4F7A-8501-018BE8672CD2}.Release|Any CPU.ActiveCfg = Release|Any CPU
		{1B5FB7BF-499B-4F7A-8501-018BE8672CD2}.Release|Any CPU.Build.0 = Release|Any CPU
		{1B5FB7BF-499B-4F7A-8501-018BE8672CD2}.Release|iOS.ActiveCfg = Release|Any CPU
		{1B5FB7BF-499B-4F7A-8501-018BE8672CD2}.Release|iOS.Build.0 = Release|Any CPU
		{1B5FB7BF-499B-4F7A-8501-018BE8672CD2}.Release|Windows Phone (Universal).ActiveCfg = Release|Any CPU
		{1B5FB7BF-499B-4F7A-8501-018BE8672CD2}.Release|Windows Phone (Universal).Build.0 = Release|Any CPU
		{1B5FB7BF-499B-4F7A-8501-018BE8672CD2}.Release|Windows Phone 8.ActiveCfg = Release|Any CPU
		{1B5FB7BF-499B-4F7A-8501-018BE8672CD2}.Release|Windows Phone 8.Build.0 = Release|Any CPU
		{1B5FB7BF-499B-4F7A-8501-018BE8672CD2}.Release|Windows-AnyCPU.ActiveCfg = Release|Any CPU
		{1B5FB7BF-499B-4F7A-8501-018BE8672CD2}.Release|Windows-AnyCPU.Build.0 = Release|Any CPU
		{1B5FB7BF-499B-4F7A-8501-018BE8672CD2}.Release|Windows-ARM.ActiveCfg = Release|Any CPU
		{1B5FB7BF-499B-4F7A-8501-018BE8672CD2}.Release|Windows-ARM.Build.0 = Release|Any CPU
		{1B5FB7BF-499B-4F7A-8501-018BE8672CD2}.Release|Windows-x64.ActiveCfg = Release|Any CPU
		{1B5FB7BF-499B-4F7A-8501-018BE8672CD2}.Release|Windows-x64.Build.0 = Release|Any CPU
		{1B5FB7BF-499B-4F7A-8501-018BE8672CD2}.Release|Windows-x86.ActiveCfg = Release|Any CPU
		{1B5FB7BF-499B-4F7A-8501-018BE8672CD2}.Release|Windows-x86.Build.0 = Release|Any CPU
	EndGlobalSection
	GlobalSection(SolutionProperties) = preSolution
		HideSolutionNode = FALSE
	EndGlobalSection
	GlobalSection(NestedProjects) = preSolution
		{34DF069E-DB67-4204-85B7-864381F5397B} = {7D5F734C-89BC-44EE-B35A-484D3351D716}
		{2158A2F4-D429-4394-B393-204319B1B792} = {7D5F734C-89BC-44EE-B35A-484D3351D716}
		{84FFA9EE-EE36-4535-BE66-C10DA50A7261} = {D8C638A8-4063-4BEA-BB17-9F9AA1B3CFED}
		{AFAE00E1-A558-4B37-AA89-3CFFC672EAA3} = {2158A2F4-D429-4394-B393-204319B1B792}
		{5EDDFB13-468C-4813-87E4-FB5C486B120D} = {B201428C-7D5B-4569-BF33-36FF30FBA779}
		{799B9B89-BA77-49C6-BAC3-EB09BBEC496E} = {1576452C-7350-4906-99A6-1B4234150370}
		{85226AF9-FD61-46D3-8377-606F736CFA4E} = {34DF069E-DB67-4204-85B7-864381F5397B}
		{3BF9D2BA-0D6B-424E-BADF-CFEA9065B1F7} = {FABF3E28-3B27-41F9-9EF6-3EBA19A8CA43}
		{57C2135B-E147-4BE5-BE97-1599BA87138F} = {FABF3E28-3B27-41F9-9EF6-3EBA19A8CA43}
		{1B5FB7BF-499B-4F7A-8501-018BE8672CD2} = {2158A2F4-D429-4394-B393-204319B1B792}
	EndGlobalSection
EndGlobal
